
Microsoft Visual Studio Solution File, Format Version 12.00
# Visual Studio Version 17
VisualStudioVersion = 17.3.32922.545
MinimumVisualStudioVersion = 10.0.40219.1
Project("{FAE04EC0-301F-11D3-BF4B-00C04F79EFBC}") = "Chess Tablebase", "Chess Tablebase\Chess Tablebase.csproj", "{792AD761-543D-466D-8335-1126E7985631}"
EndProject
Global
	GlobalSection(SolutionConfigurationPlatforms) = preSolution
		Debug|Any CPU = Debug|Any CPU
		Release|Any CPU = Release|Any CPU
	EndGlobalSection
	GlobalSection(ProjectConfigurationPlatforms) = postSolution
		{792AD761-543D-466D-8335-1126E7985631}.Debug|Any CPU.ActiveCfg = Debug|Any CPU
		{792AD761-543D-466D-8335-1126E7985631}.Debug|Any CPU.Build.0 = Debug|Any CPU
		{792AD761-543D-466D-8335-1126E7985631}.Release|Any CPU.ActiveCfg = Release|Any CPU
		{792AD761-543D-466D-8335-1126E7985631}.Release|Any CPU.Build.0 = Release|Any CPU
	EndGlobalSection
	GlobalSection(SolutionProperties) = preSolution
		HideSolutionNode = FALSE
	EndGlobalSection
	GlobalSection(ExtensibilityGlobals) = postSolution
		SolutionGuid = {41270BD5-0DCC-41E3-803C-36F3D37AA8D1}
	EndGlobalSection
EndGlobal
